
Microsoft Visual Studio Solution File, Format Version 12.00
# Visual Studio Version 17
VisualStudioVersion = 17.0.31912.275
MinimumVisualStudioVersion = 10.0.40219.1
Project("{9A19103F-16F7-4668-BE54-9A1E7A4F7556}") = "TestRabbitmq", "TestRabbitmq\TestRabbitmq.csproj", "{DA7C28CC-EBD9-47DB-9467-E29E685B8FFB}"
EndProject
Project("{E53339B2-1760-4266-BCC7-CA923CBCF16C}") = "docker-compose", "docker-compose.dcproj", "{1B00DE6C-8839-47F7-A760-2E2BC2F43E9C}"
EndProject
Global
	GlobalSection(SolutionConfigurationPlatforms) = preSolution
		Debug|Any CPU = Debug|Any CPU
		Release|Any CPU = Release|Any CPU
	EndGlobalSection
	GlobalSection(ProjectConfigurationPlatforms) = postSolution
		{DA7C28CC-EBD9-47DB-9467-E29E685B8FFB}.Debug|Any CPU.ActiveCfg = Debug|Any CPU
		{DA7C28CC-EBD9-47DB-9467-E29E685B8FFB}.Debug|Any CPU.Build.0 = Debug|Any CPU
		{DA7C28CC-EBD9-47DB-9467-E29E685B8FFB}.Release|Any CPU.ActiveCfg = Release|Any CPU
		{DA7C28CC-EBD9-47DB-9467-E29E685B8FFB}.Release|Any CPU.Build.0 = Release|Any CPU
		{1B00DE6C-8839-47F7-A760-2E2BC2F43E9C}.Debug|Any CPU.ActiveCfg = Debug|Any CPU
		{1B00DE6C-8839-47F7-A760-2E2BC2F43E9C}.Debug|Any CPU.Build.0 = Debug|Any CPU
		{1B00DE6C-8839-47F7-A760-2E2BC2F43E9C}.Release|Any CPU.ActiveCfg = Release|Any CPU
		{1B00DE6C-8839-47F7-A760-2E2BC2F43E9C}.Release|Any CPU.Build.0 = Release|Any CPU
	EndGlobalSection
	GlobalSection(SolutionProperties) = preSolution
		HideSolutionNode = FALSE
	EndGlobalSection
	GlobalSection(ExtensibilityGlobals) = postSolution
		SolutionGuid = {209EB599-C00F-48FF-8CB1-6B514746DD6F}
	EndGlobalSection
EndGlobal
